
Microsoft Visual Studio Solution File, Format Version 12.00
# Visual Studio Version 17
VisualStudioVersion = 17.9.34616.47
MinimumVisualStudioVersion = 10.0.40219.1
Project("{FAE04EC0-301F-11D3-BF4B-00C04F79EFBC}") = "OOP_21", "OOP_21\OOP_21.csproj", "{5AFF4EDE-8553-44E3-85FC-9E6A3ED1DBFF}"
EndProject
Global
	GlobalSection(SolutionConfigurationPlatforms) = preSolution
		Debug|Any CPU = Debug|Any CPU
		Release|Any CPU = Release|Any CPU
	EndGlobalSection
	GlobalSection(ProjectConfigurationPlatforms) = postSolution
		{5AFF4EDE-8553-44E3-85FC-9E6A3ED1DBFF}.Debug|Any CPU.ActiveCfg = Debug|Any CPU
		{5AFF4EDE-8553-44E3-85FC-9E6A3ED1DBFF}.Debug|Any CPU.Build.0 = Debug|Any CPU
		{5AFF4EDE-8553-44E3-85FC-9E6A3ED1DBFF}.Release|Any CPU.ActiveCfg = Release|Any CPU
		{5AFF4EDE-8553-44E3-85FC-9E6A3ED1DBFF}.Release|Any CPU.Build.0 = Release|Any CPU
	EndGlobalSection
	GlobalSection(SolutionProperties) = preSolution
		HideSolutionNode = FALSE
	EndGlobalSection
	GlobalSection(ExtensibilityGlobals) = postSolution
		SolutionGuid = {E4B77776-CD41-4CD5-9FFA-15CA33E3841C}
	EndGlobalSection
EndGlobal
